{
  "originHash" : "6befe3e11a44e029775039364862bc5ddb56ede6b68ab566d310ad46c658b137",
  "pins" : [
    {
      "identity" : "swift-log",
      "kind" : "remoteSourceControl",
      "location" : "https://github.com/apple/swift-log",
      "state" : {
        "revision" : "ce592ae52f982c847a4efc0dd881cc9eb32d29f2",
        "version" : "1.6.4"
      }
    },
    {
      "identity" : "swift-syntax",
      "kind" : "remoteSourceControl",
      "location" : "https://github.com/swiftlang/swift-syntax.git",
      "state" : {
        "branch" : "swift-DEVELOPMENT-SNAPSHOT-2025-08-04-a",
        "revision" : "1aa6098fdd5d2dd41154bfeabd8afa113fda722c"
      }
    },
    {
      "identity" : "swift-testing",
      "kind" : "remoteSourceControl",
      "location" : "https://github.com/swiftlang/swift-testing.git",
      "state" : {
        "revision" : "18c42c19cac3fafd61cab1156d4088664b7424ae"
      }
    }
  ],
  "version" : 3
}
